// !$*UTF8*$!
{
	archiveVersion = 1;
	classes = {
	};
	objectVersion = 50;
	objects = {

/* Begin PBXBuildFile section */
		840B2BAA21AEA2FE00289925 /* AppDelegate.swift in Sources */ = {isa = PBXBuildFile; fileRef = 840B2BA921AEA2FE00289925 /* AppDelegate.swift */; };
		840B2BAC21AEA2FE00289925 /* ViewController.swift in Sources */ = {isa = PBXBuildFile; fileRef = 840B2BAB21AEA2FE00289925 /* ViewController.swift */; };
		840B2BAF21AEA2FE00289925 /* Main.storyboard in Resources */ = {isa = PBXBuildFile; fileRef = 840B2BAD21AEA2FE00289925 /* Main.storyboard */; };
		840B2BB121AEA30000289925 /* Assets.xcassets in Resources */ = {isa = PBXBuildFile; fileRef = 840B2BB021AEA30000289925 /* Assets.xcassets */; };
		840B2BB421AEA30000289925 /* LaunchScreen.storyboard in Resources */ = {isa = PBXBuildFile; fileRef = 840B2BB221AEA30000289925 /* LaunchScreen.storyboard */; };
		840B2BBF21AEA30000289925 /* iCookTests.swift in Sources */ = {isa = PBXBuildFile; fileRef = 840B2BBE21AEA30000289925 /* iCookTests.swift */; };
		840B2BCA21AEA30000289925 /* iCookUITests.swift in Sources */ = {isa = PBXBuildFile; fileRef = 840B2BC921AEA30000289925 /* iCookUITests.swift */; };
/* End PBXBuildFile section */

/* Begin PBXContainerItemProxy section */
		840B2BBB21AEA30000289925 /* PBXContainerItemProxy */ = {
			isa = PBXContainerItemProxy;
			containerPortal = 840B2B9E21AEA2FE00289925 /* Project object */;
			proxyType = 1;
			remoteGlobalIDString = 840B2BA521AEA2FE00289925;
			remoteInfo = iCook;
		};
		840B2BC621AEA30000289925 /* PBXContainerItemProxy */ = {
			isa = PBXContainerItemProxy;
			containerPortal = 840B2B9E21AEA2FE00289925 /* Project object */;
			proxyType = 1;
			remoteGlobalIDString = 840B2BA521AEA2FE00289925;
			remoteInfo = iCook;
		};
/* End PBXContainerItemProxy section */

/* Begin PBXFileReference section */
		840B2BA621AEA2FE00289925 /* iCook.app */ = {isa = PBXFileReference; explicitFileType = wrapper.application; includeInIndex = 0; path = iCook.app; sourceTree = BUILT_PRODUCTS_DIR; };
		840B2BA921AEA2FE00289925 /* AppDelegate.swift */ = {isa = PBXFileReference; lastKnownFileType = sourcecode.swift; path = AppDelegate.swift; sourceTree = "<group>"; };
		840B2BAB21AEA2FE00289925 /* ViewController.swift */ = {isa = PBXFileReference; lastKnownFileType = sourcecode.swift; path = ViewController.swift; sourceTree = "<group>"; };
		840B2BAE21AEA2FE00289925 /* Base */ = {isa = PBXFileReference; lastKnownFileType = file.storyboard; name = Base; path = Base.lproj/Main.storyboard; sourceTree = "<group>"; };
		840B2BB021AEA30000289925 /* Assets.xcassets */ = {isa = PBXFileReference; lastKnownFileType = folder.assetcatalog; path = Assets.xcassets; sourceTree = "<group>"; };
		840B2BB321AEA30000289925 /* Base */ = {isa = PBXFileReference; lastKnownFileType = file.storyboard; name = Base; path = Base.lproj/LaunchScreen.storyboard; sourceTree = "<group>"; };
		840B2BB521AEA30000289925 /* Info.plist */ = {isa = PBXFileReference; lastKnownFileType = text.plist.xml; path = Info.plist; sourceTree = "<group>"; };
		840B2BBA21AEA30000289925 /* iCookTests.xctest */ = {isa = PBXFileReference; explicitFileType = wrapper.cfbundle; includeInIndex = 0; path = iCookTests.xctest; sourceTree = BUILT_PRODUCTS_DIR; };
		840B2BBE21AEA30000289925 /* iCookTests.swift */ = {isa = PBXFileReference; lastKnownFileType = sourcecode.swift; path = iCookTests.swift; sourceTree = "<group>"; };
		840B2BC021AEA30000289925 /* Info.plist */ = {isa = PBXFileReference; lastKnownFileType = text.plist.xml; path = Info.plist; sourceTree = "<group>"; };
		840B2BC521AEA30000289925 /* iCookUITests.xctest */ = {isa = PBXFileReference; explicitFileType = wrapper.cfbundle; includeInIndex = 0; path = iCookUITests.xctest; sourceTree = BUILT_PRODUCTS_DIR; };
		840B2BC921AEA30000289925 /* iCookUITests.swift */ = {isa = PBXFileReference; lastKnownFileType = sourcecode.swift; path = iCookUITests.swift; sourceTree = "<group>"; };
		840B2BCB21AEA30000289925 /* Info.plist */ = {isa = PBXFileReference; lastKnownFileType = text.plist.xml; path = Info.plist; sourceTree = "<group>"; };
/* End PBXFileReference section */

/* Begin PBXFrameworksBuildPhase section */
		840B2BA321AEA2FE00289925 /* Frameworks */ = {
			isa = PBXFrameworksBuildPhase;
			buildActionMask = 2147483647;
			files = (
			);
			runOnlyForDeploymentPostprocessing = 0;
		};
		840B2BB721AEA30000289925 /* Frameworks */ = {
			isa = PBXFrameworksBuildPhase;
			buildActionMask = 2147483647;
			files = (
			);
			runOnlyForDeploymentPostprocessing = 0;
		};
		840B2BC221AEA30000289925 /* Frameworks */ = {
			isa = PBXFrameworksBuildPhase;
			buildActionMask = 2147483647;
			files = (
			);
			runOnlyForDeploymentPostprocessing = 0;
		};
/* End PBXFrameworksBuildPhase section */

/* Begin PBXGroup section */
		840B2B9D21AEA2FE00289925 = {
			isa = PBXGroup;
			children = (
				840B2BA821AEA2FE00289925 /* iCook */,
				840B2BBD21AEA30000289925 /* iCookTests */,
				840B2BC821AEA30000289925 /* iCookUITests */,
				840B2BA721AEA2FE00289925 /* Products */,
			);
			sourceTree = "<group>";
		};
		840B2BA721AEA2FE00289925 /* Products */ = {
			isa = PBXGroup;
			children = (
				840B2BA621AEA2FE00289925 /* iCook.app */,
				840B2BBA21AEA30000289925 /* iCookTests.xctest */,
				840B2BC521AEA30000289925 /* iCookUITests.xctest */,
			);
			name = Products;
			sourceTree = "<group>";
		};
		840B2BA821AEA2FE00289925 /* iCook */ = {
			isa = PBXGroup;
			children = (
				840B2BA921AEA2FE00289925 /* AppDelegate.swift */,
				840B2BAB21AEA2FE00289925 /* ViewController.swift */,
				840B2BAD21AEA2FE00289925 /* Main.storyboard */,
				840B2BB021AEA30000289925 /* Assets.xcassets */,
				840B2BB221AEA30000289925 /* LaunchScreen.storyboard */,
				840B2BB521AEA30000289925 /* Info.plist */,
			);
			path = iCook;
			sourceTree = "<group>";
		};
		840B2BBD21AEA30000289925 /* iCookTests */ = {
			isa = PBXGroup;
			children = (
				840B2BBE21AEA30000289925 /* iCookTests.swift */,
				840B2BC021AEA30000289925 /* Info.plist */,
			);
			path = iCookTests;
			sourceTree = "<group>";
		};
		840B2BC821AEA30000289925 /* iCookUITests */ = {
			isa = PBXGroup;
			children = (
				840B2BC921AEA30000289925 /* iCookUITests.swift */,
				840B2BCB21AEA30000289925 /* Info.plist */,
			);
			path = iCookUITests;
			sourceTree = "<group>";
		};
/* End PBXGroup section */

/* Begin PBXNativeTarget section */
		840B2BA521AEA2FE00289925 /* iCook */ = {
			isa = PBXNativeTarget;
			buildConfigurationList = 840B2BCE21AEA30000289925 /* Build configuration list for PBXNativeTarget "iCook" */;
			buildPhases = (
				840B2BA221AEA2FE00289925 /* Sources */,
				840B2BA321AEA2FE00289925 /* Frameworks */,
				840B2BA421AEA2FE00289925 /* Resources */,
			);
			buildRules = (
			);
			dependencies = (
			);
			name = iCook;
			productName = iCook;
			productReference = 840B2BA621AEA2FE00289925 /* iCook.app */;
			productType = "com.apple.product-type.application";
		};
		840B2BB921AEA30000289925 /* iCookTests */ = {
			isa = PBXNativeTarget;
			buildConfigurationList = 840B2BD121AEA30000289925 /* Build configuration list for PBXNativeTarget "iCookTests" */;
			buildPhases = (
				840B2BB621AEA30000289925 /* Sources */,
				840B2BB721AEA30000289925 /* Frameworks */,
				840B2BB821AEA30000289925 /* Resources */,
			);
			buildRules = (
			);
			dependencies = (
				840B2BBC21AEA30000289925 /* PBXTargetDependency */,
			);
			name = iCookTests;
			productName = iCookTests;
			productReference = 840B2BBA21AEA30000289925 /* iCookTests.xctest */;
			productType = "com.apple.product-type.bundle.unit-test";
		};
		840B2BC421AEA30000289925 /* iCookUITests */ = {
			isa = PBXNativeTarget;
			buildConfigurationList = 840B2BD421AEA30000289925 /* Build configuration list for PBXNativeTarget "iCookUITests" */;
			buildPhases = (
				840B2BC121AEA30000289925 /* Sources */,
				840B2BC221AEA30000289925 /* Frameworks */,
				840B2BC321AEA30000289925 /* Resources */,
			);
			buildRules = (
			);
			dependencies = (
				840B2BC721AEA30000289925 /* PBXTargetDependency */,
			);
			name = iCookUITests;
			productName = iCookUITests;
			productReference = 840B2BC521AEA30000289925 /* iCookUITests.xctest */;
			productType = "com.apple.product-type.bundle.ui-testing";
		};
/* End PBXNativeTarget section */

/* Begin PBXProject section */
		840B2B9E21AEA2FE00289925 /* Project object */ = {
			isa = PBXProject;
			attributes = {
				LastSwiftUpdateCheck = 1000;
				LastUpgradeCheck = 1000;
				ORGANIZATIONNAME = Biolizard;
				TargetAttributes = {
					840B2BA521AEA2FE00289925 = {
						CreatedOnToolsVersion = 10.0;
					};
					840B2BB921AEA30000289925 = {
						CreatedOnToolsVersion = 10.0;
						TestTargetID = 840B2BA521AEA2FE00289925;
					};
					840B2BC421AEA30000289925 = {
						CreatedOnToolsVersion = 10.0;
						TestTargetID = 840B2BA521AEA2FE00289925;
					};
				};
			};
			buildConfigurationList = 840B2BA121AEA2FE00289925 /* Build configuration list for PBXProject "iCook" */;
			compatibilityVersion = "Xcode 9.3";
			developmentRegion = en;
			hasScannedForEncodings = 0;
			knownRegions = (
				en,
				Base,
			);
			mainGroup = 840B2B9D21AEA2FE00289925;
			productRefGroup = 840B2BA721AEA2FE00289925 /* Products */;
			projectDirPath = "";
			projectRoot = "";
			targets = (
				840B2BA521AEA2FE00289925 /* iCook */,
				840B2BB921AEA30000289925 /* iCookTests */,
				840B2BC421AEA30000289925 /* iCookUITests */,
			);
		};
/* End PBXProject section */

/* Begin PBXResourcesBuildPhase section */
		840B2BA421AEA2FE00289925 /* Resources */ = {
			isa = PBXResourcesBuildPhase;
			buildActionMask = 2147483647;
			files = (
				840B2BB421AEA30000289925 /* LaunchScreen.storyboard in Resources */,
				840B2BB121AEA30000289925 /* Assets.xcassets in Resources */,
				840B2BAF21AEA2FE00289925 /* Main.storyboard in Resources */,
			);
			runOnlyForDeploymentPostprocessing = 0;
		};
		840B2BB821AEA30000289925 /* Resources */ = {
			isa = PBXResourcesBuildPhase;
			buildActionMask = 2147483647;
			files = (
			);
			runOnlyForDeploymentPostprocessing = 0;
		};
		840B2BC321AEA30000289925 /* Resources */ = {
			isa = PBXResourcesBuildPhase;
			buildActionMask = 2147483647;
			files = (
			);
			runOnlyForDeploymentPostprocessing = 0;
		};
/* End PBXResourcesBuildPhase section */

/* Begin PBXSourcesBuildPhase section */
		840B2BA221AEA2FE00289925 /* Sources */ = {
			isa = PBXSourcesBuildPhase;
			buildActionMask = 2147483647;
			files = (
				840B2BAC21AEA2FE00289925 /* ViewController.swift in Sources */,
				840B2BAA21AEA2FE00289925 /* AppDelegate.swift in Sources */,
			);
			runOnlyForDeploymentPostprocessing = 0;
		};
		840B2BB621AEA30000289925 /* Sources */ = {
			isa = PBXSourcesBuildPhase;
			buildActionMask = 2147483647;
			files = (
				840B2BBF21AEA30000289925 /* iCookTests.swift in Sources */,
			);
			runOnlyForDeploymentPostprocessing = 0;
		};
		840B2BC121AEA30000289925 /* Sources */ = {
			isa = PBXSourcesBuildPhase;
			buildActionMask = 2147483647;
			files = (
				840B2BCA21AEA30000289925 /* iCookUITests.swift in Sources */,
			);
			runOnlyForDeploymentPostprocessing = 0;
		};
/* End PBXSourcesBuildPhase section */

/* Begin PBXTargetDependency section */
		840B2BBC21AEA30000289925 /* PBXTargetDependency */ = {
			isa = PBXTargetDependency;
			target = 840B2BA521AEA2FE00289925 /* iCook */;
			targetProxy = 840B2BBB21AEA30000289925 /* PBXContainerItemProxy */;
		};
		840B2BC721AEA30000289925 /* PBXTargetDependency */ = {
			isa = PBXTargetDependency;
			target = 840B2BA521AEA2FE00289925 /* iCook */;
			targetProxy = 840B2BC621AEA30000289925 /* PBXContainerItemProxy */;
		};
/* End PBXTargetDependency section */

/* Begin PBXVariantGroup section */
		840B2BAD21AEA2FE00289925 /* Main.storyboard */ = {
			isa = PBXVariantGroup;
			children = (
				840B2BAE21AEA2FE00289925 /* Base */,
			);
			name = Main.storyboard;
			sourceTree = "<group>";
		};
		840B2BB221AEA30000289925 /* LaunchScreen.storyboard */ = {
			isa = PBXVariantGroup;
			children = (
				840B2BB321AEA30000289925 /* Base */,
			);
			name = LaunchScreen.storyboard;
			sourceTree = "<group>";
		};
/* End PBXVariantGroup section */

/* Begin XCBuildConfiguration section */
		840B2BCC21AEA30000289925 /* Debug */ = {
			isa = XCBuildConfiguration;
			buildSettings = {
				ALWAYS_SEARCH_USER_PATHS = NO;
				CLANG_ANALYZER_NONNULL = YES;
				CLANG_ANALYZER_NUMBER_OBJECT_CONVERSION = YES_AGGRESSIVE;
				CLANG_CXX_LANGUAGE_STANDARD = "gnu++14";
				CLANG_CXX_LIBRARY = "libc++";
				CLANG_ENABLE_MODULES = YES;
				CLANG_ENABLE_OBJC_ARC = YES;
				CLANG_ENABLE_OBJC_WEAK = YES;
				CLANG_WARN_BLOCK_CAPTURE_AUTORELEASING = YES;
				CLANG_WARN_BOOL_CONVERSION = YES;
				CLANG_WARN_COMMA = YES;
				CLANG_WARN_CONSTANT_CONVERSION = YES;
				CLANG_WARN_DEPRECATED_OBJC_IMPLEMENTATIONS = YES;
				CLANG_WARN_DIRECT_OBJC_ISA_USAGE = YES_ERROR;
				CLANG_WARN_DOCUMENTATION_COMMENTS = YES;
				CLANG_WARN_EMPTY_BODY = YES;
				CLANG_WARN_ENUM_CONVERSION = YES;
				CLANG_WARN_INFINITE_RECURSION = YES;
				CLANG_WARN_INT_CONVERSION = YES;
				CLANG_WARN_NON_LITERAL_NULL_CONVERSION = YES;
				CLANG_WARN_OBJC_IMPLICIT_RETAIN_SELF = YES;
				CLANG_WARN_OBJC_LITERAL_CONVERSION = YES;
				CLANG_WARN_OBJC_ROOT_CLASS = YES_ERROR;
				CLANG_WARN_RANGE_LOOP_ANALYSIS = YES;
				CLANG_WARN_STRICT_PROTOTYPES = YES;
				CLANG_WARN_SUSPICIOUS_MOVE = YES;
				CLANG_WARN_UNGUARDED_AVAILABILITY = YES_AGGRESSIVE;
				CLANG_WARN_UNREACHABLE_CODE = YES;
				CLANG_WARN__DUPLICATE_METHOD_MATCH = YES;
				CODE_SIGN_IDENTITY = "iPhone Developer";
				COPY_PHASE_STRIP = NO;
				DEBUG_INFORMATION_FORMAT = dwarf;
				ENABLE_STRICT_OBJC_MSGSEND = YES;
				ENABLE_TESTABILITY = YES;
				GCC_C_LANGUAGE_STANDARD = gnu11;
				GCC_DYNAMIC_NO_PIC = NO;
				GCC_NO_COMMON_BLOCKS = YES;
				GCC_OPTIMIZATION_LEVEL = 0;
				GCC_PREPROCESSOR_DEFINITIONS = (
					"DEBUG=1",
					"$(inherited)",
				);
				GCC_WARN_64_TO_32_BIT_CONVERSION = YES;
				GCC_WARN_ABOUT_RETURN_TYPE = YES_ERROR;
				GCC_WARN_UNDECLARED_SELECTOR = YES;
				GCC_WARN_UNINITIALIZED_AUTOS = YES_AGGRESSIVE;
				GCC_WARN_UNUSED_FUNCTION = YES;
				GCC_WARN_UNUSED_VARIABLE = YES;
				IPHONEOS_DEPLOYMENT_TARGET = 12.0;
				MTL_ENABLE_DEBUG_INFO = INCLUDE_SOURCE;
				MTL_FAST_MATH = YES;
				ONLY_ACTIVE_ARCH = YES;
				SDKROOT = iphoneos;
				SWIFT_ACTIVE_COMPILATION_CONDITIONS = DEBUG;
				SWIFT_OPTIMIZATION_LEVEL = "-Onone";
			};
			name = Debug;
		};
		840B2BCD21AEA30000289925 /* Release */ = {
			isa = XCBuildConfiguration;
			buildSettings = {
				ALWAYS_SEARCH_USER_PATHS = NO;
				CLANG_ANALYZER_NONNULL = YES;
				CLANG_ANALYZER_NUMBER_OBJECT_CONVERSION = YES_AGGRESSIVE;
				CLANG_CXX_LANGUAGE_STANDARD = "gnu++14";
				CLANG_CXX_LIBRARY = "libc++";
				CLANG_ENABLE_MODULES = YES;
				CLANG_ENABLE_OBJC_ARC = YES;
				CLANG_ENABLE_OBJC_WEAK = YES;
				CLANG_WARN_BLOCK_CAPTURE_AUTORELEASING = YES;
				CLANG_WARN_BOOL_CONVERSION = YES;
				CLANG_WARN_COMMA = YES;
				CLANG_WARN_CONSTANT_CONVERSION = YES;
				CLANG_WARN_DEPRECATED_OBJC_IMPLEMENTATIONS = YES;
				CLANG_WARN_DIRECT_OBJC_ISA_USAGE = YES_ERROR;
				CLANG_WARN_DOCUMENTATION_COMMENTS = YES;
				CLANG_WARN_EMPTY_BODY = YES;
				CLANG_WARN_ENUM_CONVERSION = YES;
				CLANG_WARN_INFINITE_RECURSION = YES;
				CLANG_WARN_INT_CONVERSION = YES;
				CLANG_WARN_NON_LITERAL_NULL_CONVERSION = YES;
				CLANG_WARN_OBJC_IMPLICIT_RETAIN_SELF = YES;
				CLANG_WARN_OBJC_LITERAL_CONVERSION = YES;
				CLANG_WARN_OBJC_ROOT_CLASS = YES_ERROR;
				CLANG_WARN_RANGE_LOOP_ANALYSIS = YES;
				CLANG_WARN_STRICT_PROTOTYPES = YES;
				CLANG_WARN_SUSPICIOUS_MOVE = YES;
				CLANG_WARN_UNGUARDED_AVAILABILITY = YES_AGGRESSIVE;
				CLANG_WARN_UNREACHABLE_CODE = YES;
				CLANG_WARN__DUPLICATE_METHOD_MATCH = YES;
				CODE_SIGN_IDENTITY = "iPhone Developer";
				COPY_PHASE_STRIP = NO;
				DEBUG_INFORMATION_FORMAT = "dwarf-with-dsym";
				ENABLE_NS_ASSERTIONS = NO;
				ENABLE_STRICT_OBJC_MSGSEND = YES;
				GCC_C_LANGUAGE_STANDARD = gnu11;
				GCC_NO_COMMON_BLOCKS = YES;
				GCC_WARN_64_TO_32_BIT_CONVERSION = YES;
				GCC_WARN_ABOUT_RETURN_TYPE = YES_ERROR;
				GCC_WARN_UNDECLARED_SELECTOR = YES;
				GCC_WARN_UNINITIALIZED_AUTOS = YES_AGGRESSIVE;
				GCC_WARN_UNUSED_FUNCTION = YES;
				GCC_WARN_UNUSED_VARIABLE = YES;
				IPHONEOS_DEPLOYMENT_TARGET = 12.0;
				MTL_ENABLE_DEBUG_INFO = NO;
				MTL_FAST_MATH = YES;
				SDKROOT = iphoneos;
				SWIFT_COMPILATION_MODE = wholemodule;
				SWIFT_OPTIMIZATION_LEVEL = "-O";
				VALIDATE_PRODUCT = YES;
			};
			name = Release;
		};
		840B2BCF21AEA30000289925 /* Debug */ = {
			isa = XCBuildConfiguration;
			buildSettings = {
				ASSETCATALOG_COMPILER_APPICON_NAME = AppIcon;
				CODE_SIGN_STYLE = Automatic;
				DEVELOPMENT_TEAM = NMC77CL7A3;
				INFOPLIST_FILE = iCook/Info.plist;
				LD_RUNPATH_SEARCH_PATHS = (
					"$(inherited)",
					"@executable_path/Frameworks",
				);
				PRODUCT_BUNDLE_IDENTIFIER = "onion-project.iCook";
				PRODUCT_NAME = "$(TARGET_NAME)";
				SWIFT_VERSION = 4.2;
				TARGETED_DEVICE_FAMILY = "1,2";
			};
			name = Debug;
		};
		840B2BD021AEA30000289925 /* Release */ = {
			isa = XCBuildConfiguration;
			buildSettings = {
				ASSETCATALOG_COMPILER_APPICON_NAME = AppIcon;
				CODE_SIGN_STYLE = Automatic;
				DEVELOPMENT_TEAM = NMC77CL7A3;
				INFOPLIST_FILE = iCook/Info.plist;
				LD_RUNPATH_SEARCH_PATHS = (
					"$(inherited)",
					"@executable_path/Frameworks",
				);
				PRODUCT_BUNDLE_IDENTIFIER = "onion-project.iCook";
				PRODUCT_NAME = "$(TARGET_NAME)";
				SWIFT_VERSION = 4.2;
				TARGETED_DEVICE_FAMILY = "1,2";
			};
			name = Release;
		};
		840B2BD221AEA30000289925 /* Debug */ = {
			isa = XCBuildConfiguration;
			buildSettings = {
				ALWAYS_EMBED_SWIFT_STANDARD_LIBRARIES = YES;
				BUNDLE_LOADER = "$(TEST_HOST)";
				CODE_SIGN_STYLE = Automatic;
				DEVELOPMENT_TEAM = NMC77CL7A3;
				INFOPLIST_FILE = iCookTests/Info.plist;
				LD_RUNPATH_SEARCH_PATHS = (
					"$(inherited)",
					"@executable_path/Frameworks",
					"@loader_path/Frameworks",
				);
				PRODUCT_BUNDLE_IDENTIFIER = "onion-project.iCookTests";
				PRODUCT_NAME = "$(TARGET_NAME)";
				SWIFT_VERSION = 4.2;
				TARGETED_DEVICE_FAMILY = "1,2";
				TEST_HOST = "$(BUILT_PRODUCTS_DIR)/iCook.app/iCook";
			};
			name = Debug;
		};
		840B2BD321AEA30000289925 /* Release */ = {
			isa = XCBuildConfiguration;
			buildSettings = {
				ALWAYS_EMBED_SWIFT_STANDARD_LIBRARIES = YES;
				BUNDLE_LOADER = "$(TEST_HOST)";
				CODE_SIGN_STYLE = Automatic;
				DEVELOPMENT_TEAM = NMC77CL7A3;
				INFOPLIST_FILE = iCookTests/Info.plist;
				LD_RUNPATH_SEARCH_PATHS = (
					"$(inherited)",
					"@executable_path/Frameworks",
					"@loader_path/Frameworks",
				);
				PRODUCT_BUNDLE_IDENTIFIER = "onion-project.iCookTests";
				PRODUCT_NAME = "$(TARGET_NAME)";
				SWIFT_VERSION = 4.2;
				TARGETED_DEVICE_FAMILY = "1,2";
				TEST_HOST = "$(BUILT_PRODUCTS_DIR)/iCook.app/iCook";
			};
			name = Release;
		};
		840B2BD521AEA30000289925 /* Debug */ = {
			isa = XCBuildConfiguration;
			buildSettings = {
				ALWAYS_EMBED_SWIFT_STANDARD_LIBRARIES = YES;
				CODE_SIGN_STYLE = Automatic;
				DEVELOPMENT_TEAM = NMC77CL7A3;
				INFOPLIST_FILE = iCookUITests/Info.plist;
				LD_RUNPATH_SEARCH_PATHS = (
					"$(inherited)",
					"@executable_path/Frameworks",
					"@loader_path/Frameworks",
				);
				PRODUCT_BUNDLE_IDENTIFIER = "onion-project.iCookUITests";
				PRODUCT_NAME = "$(TARGET_NAME)";
				SWIFT_VERSION = 4.2;
				TARGETED_DEVICE_FAMILY = "1,2";
				TEST_TARGET_NAME = iCook;
			};
			name = Debug;
		};
		840B2BD621AEA30000289925 /* Release */ = {
			isa = XCBuildConfiguration;
			buildSettings = {
				ALWAYS_EMBED_SWIFT_STANDARD_LIBRARIES = YES;
				CODE_SIGN_STYLE = Automatic;
				DEVELOPMENT_TEAM = NMC77CL7A3;
				INFOPLIST_FILE = iCookUITests/Info.plist;
				LD_RUNPATH_SEARCH_PATHS = (
					"$(inherited)",
					"@executable_path/Frameworks",
					"@loader_path/Frameworks",
				);
				PRODUCT_BUNDLE_IDENTIFIER = "onion-project.iCookUITests";
				PRODUCT_NAME = "$(TARGET_NAME)";
				SWIFT_VERSION = 4.2;
				TARGETED_DEVICE_FAMILY = "1,2";
				TEST_TARGET_NAME = iCook;
			};
			name = Release;
		};
/* End XCBuildConfiguration section */

/* Begin XCConfigurationList section */
		840B2BA121AEA2FE00289925 /* Build configuration list for PBXProject "iCook" */ = {
			isa = XCConfigurationList;
			buildConfigurations = (
				840B2BCC21AEA30000289925 /* Debug */,
				840B2BCD21AEA30000289925 /* Release */,
			);
			defaultConfigurationIsVisible = 0;
			defaultConfigurationName = Release;
		};
		840B2BCE21AEA30000289925 /* Build configuration list for PBXNativeTarget "iCook" */ = {
			isa = XCConfigurationList;
			buildConfigurations = (
				840B2BCF21AEA30000289925 /* Debug */,
				840B2BD021AEA30000289925 /* Release */,
			);
			defaultConfigurationIsVisible = 0;
			defaultConfigurationName = Release;
		};
		840B2BD121AEA30000289925 /* Build configuration list for PBXNativeTarget "iCookTests" */ = {
			isa = XCConfigurationList;
			buildConfigurations = (
				840B2BD221AEA30000289925 /* Debug */,
				840B2BD321AEA30000289925 /* Release */,
			);
			defaultConfigurationIsVisible = 0;
			defaultConfigurationName = Release;
		};
		840B2BD421AEA30000289925 /* Build configuration list for PBXNativeTarget "iCookUITests" */ = {
			isa = XCConfigurationList;
			buildConfigurations = (
				840B2BD521AEA30000289925 /* Debug */,
				840B2BD621AEA30000289925 /* Release */,
			);
			defaultConfigurationIsVisible = 0;
			defaultConfigurationName = Release;
		};
/* End XCConfigurationList section */
	};
	rootObject = 840B2B9E21AEA2FE00289925 /* Project object */;
}
